{
    "_meta": {
        "hash": {
            "sha256": "0234eb457d89f45cf044eed549c34bd9e282a81fe02669eea54b7215e1150554"
        },
        "pipfile-spec": 6,
        "requires": {
            "python_version": "3"
        },
        "sources": [
            {
                "name": "pypi",
                "url": "https://pypi.org/simple",
                "verify_ssl": true
            }
        ]
    },
    "default": {
        "beautifulsoup4": {
            "hashes": [
                "sha256:1bd32405dacc920b42b83ba01644747ed77456a65760e285fbc47633ceddaf8b",
                "sha256:99045d7d3f08f91f0d656bc9b7efbae189426cd913d830294a15eefa0ea4df16"
            ],
            "index": "pypi",
            "markers": "python_full_version >= '3.7.0'",
            "version": "==4.13.3"
        },
        "click": {
            "hashes": [
                "sha256:63c132bbbed01578a06712a2d1f497bb62d9c1c0d329b7903a866228027263b2",
                "sha256:ed53c9d8990d83c2a27deae68e4ee337473f6330c040a31d4225c9574d16096a"
            ],
            "markers": "python_version >= '3.7'",
            "version": "==8.1.8"
        },
        "jellyfish": {
            "hashes": [
                "sha256:065e60adae1bfb6a0706015892585d37a26bf5708076d19216888aeca1a7e43d",
                "sha256:08b6be37d5e99ba6e82cb45ca6e90d1fc10a6f3d7df7d3c481d1fedae8057c39",
                "sha256:0cf1d3c6eab17d59d01b9210fc7fa96da2543726a83053d76b9af6655b4da3e7",
                "sha256:0d724aa11b4625e7cd36958c20dd716723da9e8a11548f59f6e771f298dd79ff",
                "sha256:196d08e0ecf903904e7b043bc7192e4533976a1c1bc3b50d44e0fb09291e52e2",
                "sha256:1bd107e94bb1dfafabe6d03ba7a3e471acfa2786eb7d4fd3eaf402d7dc9bd755",
                "sha256:2105dfb2387a203f77a49cf12d38b4157809377c3a069d8c419c3d331c181816",
                "sha256:2113195a48ce8cb99d2bb2c6d9b119f58025dde1d727101518e7150c093a66da",
                "sha256:21ae3d7b38e9fb76880c0cc24204db6f47e877624acc9d66a1456d7b6b6b6100",
                "sha256:2382a385e47e214beacd63049d7cc197472b0b3c9011e4a49410c2a843c6e2c7",
                "sha256:273bb289e9675e13bfd48db290e30f65582d6e6c3865e2b76d37d3fea40a1d2d",
                "sha256:2746ee8dfb4f9dcf24a30cfdf9f392e32bf579b8e3fc3e1e38fd5ac5be421897",
                "sha256:287c12adfcf75e86c83aed3a1aeef4c17b251bb3767fb2167163652beb88b5a1",
                "sha256:29aa2be83c3346e1cc8d84b765ac4f2d4e7830e8ddb8369caf7c8e7d4c2c58fe",
                "sha256:3335c7b7ff947f24f6cd7bc60b40ca9e93f9a2308b7f90c390ca75a6da081b97",
                "sha256:35cad0b7e914c2da4f1204f3f7e016784bdfc1952cd630e000e20641238f71e7",
                "sha256:368041ec16ed4fed0c1f30bfaca4bf8041ee688fd2f22ee0d7e6a3b37a2ef8bf",
                "sha256:36e865f0ddf5cda43fc49fc4a61fecb1c6aeb8699c9e52fd6e1f6321ed564b62",
                "sha256:388abeebce8e85a2671b14d3e6fd257db470c058a446e54273495f04ac3d8b8e",
                "sha256:38902e5b5a5015a5add877b9317bc8aeccee4590fbd955016a43f9147d9a1afd",
                "sha256:38962cda1a71da0fea76350566b852062fedb06ca3a778eab9aa2a562231304a",
                "sha256:39c889621269087e01bace9f844c164dc1637c437f1cda899f52720a560f7cc2",
                "sha256:3afb5e8f327675be57f2121fb7442305c919a07317dc35fa74f6d05fe6f221e7",
                "sha256:41410d38726eac341943ff9b7505d58dbf341b50d1de5f6067323fa72b8fc13d",
                "sha256:429e82b6527a0743358e69f10f7a913ec7c61d26bf21fe2cc2974b63dddb3384",
                "sha256:44fe82f01fe26bf7663d1169af9d28aa04d63e9c497da302aa22e2faef65a588",
                "sha256:46ad439689206953f2d490a66bf5145bd3b910836e8dd22c380f584b9ef910da",
                "sha256:538a76ed655a7fdf6e6b8b3f64712193a563970a0e8b7c6488adfb8959bd434e",
                "sha256:5398d872fb1588ac0fbf03f4e2137aeac15798b8e7e0f6db38b791360d5e259c",
                "sha256:54eaa16afed12ab166719638b285b3713ce4d039de5d1a69b5a068f845f0aa45",
                "sha256:58623f0f1e65deca98b1ddd380d33d5f56202fa2d9f136bcc26951705bd61aac",
                "sha256:5ad5e8156b58caf2e80020ac54a84eb4066ff082362b27cd7af7fa732a7181d6",
                "sha256:60d51008f36285bc592373e639386296a3e7fbd2d634e1c6f972983cbbd243af",
                "sha256:630618c5a36f40ef43b8e18cef98f40b2ec60661cb45308eb35a3950e1faaf58",
                "sha256:650ba1ddabd716499f85fae0e1f3fa3e6532a69b68985d9294e86a1e04f08f9f",
                "sha256:66114f9f58e9b2827716a7e004ee9816de60fa00f6cfc906d187de03570f4726",
                "sha256:670d0f84bfde3469053eac53db999ca7b3a900fecf712919d7f9645d58d1becf",
                "sha256:75bef7edada9fe367bbaf05fc5989bcb95f28fb80cca45fe28dcddc3762cb770",
                "sha256:76d09f407e0f88142167b45e2ffff386b6c7d8bf8ad34ec30c14cb33cce26535",
                "sha256:7847238733fe9b62894270a8adeb50b0f28f79bef2ff78f8d39cfc161507d584",
                "sha256:7b1094274c11bfede3284e960027d2534145335e51795e043b0d8fd71c91736a",
                "sha256:7c08ee4267db2f90779d0ca5e2f89fd1b49730e622446dc9479edaf218d1261c",
                "sha256:7c0946909f84a1059d241fcee01032840e862746547390bfb0a4cf2f59a387ee",
                "sha256:7dc349fe799c02a4c9b0fe19204886afb83b563cd7157c7e9f44173607fd8984",
                "sha256:8743490c0c1dc00d3b7d211ce3b2150ac4568e891bfdeb61b0a91c5dc5765826",
                "sha256:89d5ccaf5adade69a4f80859f0fa13810064fe35aed57f42b210f2b30c3fbb6a",
                "sha256:8ccb2ac6f0ab98f2f41b08757bc9f90110ccf2cc327a08d8859f2541f45d08d4",
                "sha256:8eeb078582b56f458cccf66fc195287adec3957c62e669c8d0a17346218c3e67",
                "sha256:93c16994e01b772d3d8049c68c5c937f7a810b39a851c15b528379f0258c54d9",
                "sha256:975cfec3ee2b9e1753aea336f7f65ab609e73a2df36e0f5f30c99b54670ebd9f",
                "sha256:9d07f99fa95624049390eac38604edfe48aa2da7fbec96ce74a7dfaa97faf2bd",
                "sha256:a03c6891bc909d9cc2802d5677dfbc39a8c730b50591395fdf7e408612a1845b",
                "sha256:a1907b0382b45650a221fd6cc85afed9f75f08063e9b5c3a7a616bf95fef91be",
                "sha256:a7d73bcd96b15550603517ac0ad11475fc21cb431582b6698464247f0dfba666",
                "sha256:aa8be98de027f9b1cd72e8aee7801e340e2603efd03f509ec2fe084ad9df20b4",
                "sha256:aaa05ba1650d84316f42a7347b2afd6959c804728f5c2b7c90496827e10f705f",
                "sha256:aec12e181aefcfe0c6e634e26bdde05b22c47c99b042dd49432c9346c17f316e",
                "sha256:b098603b3883cc9f38f121c872ba0cc4600d9f92020c5ddcb8f4fe84d941aa5f",
                "sha256:b15b60a8b6386c00bbd22e9253d046949c7803d8410c7b194a779f18d8ee6e34",
                "sha256:b1c2c11ba786d1dbf5670994ba2aa0cef09a61955e298a5acb1ab3ef9e7a88d3",
                "sha256:bcd4ada313160333f5a7e482baa3645fd44894db8034396c46e13f729cce327f",
                "sha256:bedf3414ab15f743450689d0c065e4898091a5763241de7b25a3f1ed0827c833",
                "sha256:c14c5f5f7e1f1248923498dcaaf2534b43044708b21128ac80f0cb862beaf780",
                "sha256:c159b8360c2fce373b9fdcec6c3cb3fa29e1d01ef02f5476fae714ef34ace6ac",
                "sha256:c8c70b1cc92ee15031db16db0d2ca7d5841744f5f626a35c29c3dd7b4ea7002b",
                "sha256:c98eec90d704c34f5309f65793d84edd029bc2b641dd03c3b90c2cfe00c22a4e",
                "sha256:cc3460dc0470ba277c87e6fdd3febcf052219253de748b27150884574e7179ec",
                "sha256:cca438727233786f314fc0739aae153cbad592755920c96dcc1a965cf1047016",
                "sha256:cce030c8a8b6db05ec3be662fd06a813fb3eeee4f568c63d6ed18e1d96667578",
                "sha256:d2f1a39d2781713dea8e7402a2085c8a8f0f1b7872daf1ebfd84fde80130a20e",
                "sha256:db18014834731d17490d8a27be19e75ae2e3ff7d5f40792b989e915b0c2bda9d",
                "sha256:db429ecb0d2cd4e83c4082ec36cb2ae4aa251226d6c24948b6dc042aaf149888",
                "sha256:e49d34c7114c08def593da522ada324b1481d8baf02184a4c8e1a32604897a41",
                "sha256:e6d61f1dac3d3b2121b70159a4b2cbcff92834d006e69961cf9bbb1841461d00",
                "sha256:e73a1905eddb66d9bd383531f0ae5f21b95c891ea5ecd6d9e056310ed76ce126",
                "sha256:e87d7f3db29b5893c7db869196837b39ab096f9a27bb382a56f9b8fb604d2f1f",
                "sha256:ed6e8237ac7987daf8df5db6ad6b72b3fe00c38beb291f03122328d9fcf2eccc",
                "sha256:f57af6adb802e7206c85c060597a72297eefcf60471107fbfe96b48dd1f7500b",
                "sha256:f6497cb2e976c0336860e865e61d0ca0f37651dcc72509326783dbcaddfb6f2c",
                "sha256:f852aa6753f5fbc6044e7d961df8015adbe68a5dd0d65ebef8c2ed24c0c35d13",
                "sha256:fe486886f61bc8539276efaf06687dcefd5a768674eba74e4254304ce1222360",
                "sha256:ff04aaf51b1c8fc42d8f0bd30545f7af0b516f8890e61a8e8b31218a28fec2de"
            ],
            "index": "pypi",
            "markers": "python_version >= '3.8'",
            "version": "==1.1.3"
        },
        "markdown-it-py": {
            "hashes": [
                "sha256:355216845c60bd96232cd8d8c40e8f9765cc86f46880e43a8fd22dc1a1a8cab1",
                "sha256:e3f60a94fa066dc52ec76661e37c851cb232d92f9886b15cb560aaada2df8feb"
            ],
            "markers": "python_version >= '3.8'",
            "version": "==3.0.0"
        },
        "mdurl": {
            "hashes": [
                "sha256:84008a41e51615a49fc9966191ff91509e3c40b939176e643fd50a5c2196b8f8",
                "sha256:bb413d29f5eea38f31dd4754dd7377d4465116fb207585f97bf925588687c1ba"
            ],
            "markers": "python_version >= '3.7'",
            "version": "==0.1.2"
        },
        "pygments": {
            "hashes": [
                "sha256:61c16d2a8576dc0649d9f39e089b5f02bcd27fba10d8fb4dcc28173f7a45151f",
                "sha256:9ea1544ad55cecf4b8242fab6dd35a93bbce657034b0611ee383099054ab6d8c"
            ],
            "markers": "python_version >= '3.8'",
            "version": "==2.19.1"
        },
        "rich": {
            "hashes": [
                "sha256:439594978a49a09530cff7ebc4b5c7103ef57baf48d5ea3184f21d9a2befa098",
                "sha256:6049d5e6ec054bf2779ab3358186963bac2ea89175919d699e378b99738c2a90"
            ],
            "index": "pypi",
            "markers": "python_full_version >= '3.8.0'",
            "version": "==13.9.4"
        },
        "shellingham": {
            "hashes": [
                "sha256:7ecfff8f2fd72616f7481040475a65b2bf8af90a56c89140852d1120324e8686",
                "sha256:8dbca0739d487e5bd35ab3ca4b36e11c4078f3a234bfce294b0a0291363404de"
            ],
            "markers": "python_version >= '3.7'",
            "version": "==1.5.4"
        },
        "soupsieve": {
            "hashes": [
                "sha256:e2e68417777af359ec65daac1057404a3c8a5455bb8abc36f1a9866ab1a51abb",
                "sha256:e72c4ff06e4fb6e4b5a9f0f55fe6e81514581fca1515028625d0f299c602ccc9"
            ],
            "markers": "python_version >= '3.8'",
            "version": "==2.6"
        },
        "typer": {
            "hashes": [
                "sha256:46a499c6107d645a9c13f7ee46c5d5096cae6f5fc57dd11eccbbb9ae3e44ddfc",
                "sha256:ab2fab47533a813c49fe1f16b1a370fd5819099c00b119e0633df65f22144ba5"
            ],
            "index": "pypi",
            "markers": "python_version >= '3.7'",
            "version": "==0.15.2"
        },
        "typing-extensions": {
            "hashes": [
                "sha256:04e5ca0351e0f3f85c6853954072df659d0d13fac324d0072316b67d7794700d",
                "sha256:1a7ead55c7e559dd4dee8856e3a88b41225abfe1ce8df57b7c13915fe121ffb8"
            ],
            "markers": "python_version >= '3.8'",
            "version": "==4.12.2"
        }
    },
    "develop": {}
}
